// !$*UTF8*$!
{
	archiveVersion = 1;
	classes = {
	};
	objectVersion = 56;
	objects = {

/* Begin PBXBuildFile section */
		390BF2212BCDD945000587B5 /* LandingView.swift in Sources */ = {isa = PBXBuildFile; fileRef = 390BF2202BCDD945000587B5 /* LandingView.swift */; };
		390BF2222BCDD945000587B5 /* LandingView.swift in Sources */ = {isa = PBXBuildFile; fileRef = 390BF2202BCDD945000587B5 /* LandingView.swift */; };
		390BF2232BCDD945000587B5 /* LandingView.swift in Sources */ = {isa = PBXBuildFile; fileRef = 390BF2202BCDD945000587B5 /* LandingView.swift */; };
		390BF2252BCDD984000587B5 /* InstructionsView.swift in Sources */ = {isa = PBXBuildFile; fileRef = 390BF2242BCDD984000587B5 /* InstructionsView.swift */; };
		390BF2262BCDD984000587B5 /* InstructionsView.swift in Sources */ = {isa = PBXBuildFile; fileRef = 390BF2242BCDD984000587B5 /* InstructionsView.swift */; };
		390BF2272BCDD984000587B5 /* InstructionsView.swift in Sources */ = {isa = PBXBuildFile; fileRef = 390BF2242BCDD984000587B5 /* InstructionsView.swift */; };
		390BF2292BCDD9AC000587B5 /* PlayView.swift in Sources */ = {isa = PBXBuildFile; fileRef = 390BF2282BCDD9AC000587B5 /* PlayView.swift */; };
		390BF22A2BCDD9AC000587B5 /* PlayView.swift in Sources */ = {isa = PBXBuildFile; fileRef = 390BF2282BCDD9AC000587B5 /* PlayView.swift */; };
		390BF22B2BCDD9AC000587B5 /* PlayView.swift in Sources */ = {isa = PBXBuildFile; fileRef = 390BF2282BCDD9AC000587B5 /* PlayView.swift */; };
		39615ACA2BBB6AD800BA70FD /* AI_Animal_PictionaryApp.swift in Sources */ = {isa = PBXBuildFile; fileRef = 39615AC92BBB6AD800BA70FD /* AI_Animal_PictionaryApp.swift */; };
		39615ACE2BBB6ADD00BA70FD /* Assets.xcassets in Resources */ = {isa = PBXBuildFile; fileRef = 39615ACD2BBB6ADD00BA70FD /* Assets.xcassets */; };
		39615AD12BBB6ADD00BA70FD /* Preview Assets.xcassets in Resources */ = {isa = PBXBuildFile; fileRef = 39615AD02BBB6ADD00BA70FD /* Preview Assets.xcassets */; };
		39615ADB2BBB6ADE00BA70FD /* AI_Animal_PictionaryTests.swift in Sources */ = {isa = PBXBuildFile; fileRef = 39615ADA2BBB6ADE00BA70FD /* AI_Animal_PictionaryTests.swift */; };
		39615AE52BBB6ADE00BA70FD /* AI_Animal_PictionaryUITests.swift in Sources */ = {isa = PBXBuildFile; fileRef = 39615AE42BBB6ADE00BA70FD /* AI_Animal_PictionaryUITests.swift */; };
		39615AE72BBB6ADE00BA70FD /* AI_Animal_PictionaryUITestsLaunchTests.swift in Sources */ = {isa = PBXBuildFile; fileRef = 39615AE62BBB6ADE00BA70FD /* AI_Animal_PictionaryUITestsLaunchTests.swift */; };
		A5BEED492BE2E32600A99E16 /* MLCompute.framework in Frameworks */ = {isa = PBXBuildFile; fileRef = A5BEED472BE2E32600A99E16 /* MLCompute.framework */; };
		A5BEED4A2BE2E32600A99E16 /* CoreML.framework in Frameworks */ = {isa = PBXBuildFile; fileRef = A5BEED482BE2E32600A99E16 /* CoreML.framework */; };
		A5BEED4D2BE2E81800A99E16 /* AIAnimalPictionary(FDCT).mlpackage in Sources */ = {isa = PBXBuildFile; fileRef = A5BEED4C2BE2E81800A99E16 /* AIAnimalPictionary(FDCT).mlpackage */; };
/* End PBXBuildFile section */

/* Begin PBXContainerItemProxy section */
		39615AD72BBB6ADE00BA70FD /* PBXContainerItemProxy */ = {
			isa = PBXContainerItemProxy;
			containerPortal = 39615ABE2BBB6AD700BA70FD /* Project object */;
			proxyType = 1;
			remoteGlobalIDString = 39615AC52BBB6AD800BA70FD;
			remoteInfo = "AI Animal Pictionary";
		};
		39615AE12BBB6ADE00BA70FD /* PBXContainerItemProxy */ = {
			isa = PBXContainerItemProxy;
			containerPortal = 39615ABE2BBB6AD700BA70FD /* Project object */;
			proxyType = 1;
			remoteGlobalIDString = 39615AC52BBB6AD800BA70FD;
			remoteInfo = "AI Animal Pictionary";
		};
/* End PBXContainerItemProxy section */

/* Begin PBXFileReference section */
		390BF2202BCDD945000587B5 /* LandingView.swift */ = {isa = PBXFileReference; lastKnownFileType = sourcecode.swift; path = LandingView.swift; sourceTree = "<group>"; };
		390BF2242BCDD984000587B5 /* InstructionsView.swift */ = {isa = PBXFileReference; lastKnownFileType = sourcecode.swift; path = InstructionsView.swift; sourceTree = "<group>"; };
		390BF2282BCDD9AC000587B5 /* PlayView.swift */ = {isa = PBXFileReference; lastKnownFileType = sourcecode.swift; path = PlayView.swift; sourceTree = "<group>"; };
		39615AC62BBB6AD800BA70FD /* AI Animal Pictionary.app */ = {isa = PBXFileReference; explicitFileType = wrapper.application; includeInIndex = 0; path = "AI Animal Pictionary.app"; sourceTree = BUILT_PRODUCTS_DIR; };
		39615AC92BBB6AD800BA70FD /* AI_Animal_PictionaryApp.swift */ = {isa = PBXFileReference; lastKnownFileType = sourcecode.swift; path = AI_Animal_PictionaryApp.swift; sourceTree = "<group>"; };
		39615ACD2BBB6ADD00BA70FD /* Assets.xcassets */ = {isa = PBXFileReference; lastKnownFileType = folder.assetcatalog; path = Assets.xcassets; sourceTree = "<group>"; };
		39615AD02BBB6ADD00BA70FD /* Preview Assets.xcassets */ = {isa = PBXFileReference; lastKnownFileType = folder.assetcatalog; path = "Preview Assets.xcassets"; sourceTree = "<group>"; };
		39615AD62BBB6ADE00BA70FD /* AI Animal PictionaryTests.xctest */ = {isa = PBXFileReference; explicitFileType = wrapper.cfbundle; includeInIndex = 0; path = "AI Animal PictionaryTests.xctest"; sourceTree = BUILT_PRODUCTS_DIR; };
		39615ADA2BBB6ADE00BA70FD /* AI_Animal_PictionaryTests.swift */ = {isa = PBXFileReference; lastKnownFileType = sourcecode.swift; path = AI_Animal_PictionaryTests.swift; sourceTree = "<group>"; };
		39615AE02BBB6ADE00BA70FD /* AI Animal PictionaryUITests.xctest */ = {isa = PBXFileReference; explicitFileType = wrapper.cfbundle; includeInIndex = 0; path = "AI Animal PictionaryUITests.xctest"; sourceTree = BUILT_PRODUCTS_DIR; };
		39615AE42BBB6ADE00BA70FD /* AI_Animal_PictionaryUITests.swift */ = {isa = PBXFileReference; lastKnownFileType = sourcecode.swift; path = AI_Animal_PictionaryUITests.swift; sourceTree = "<group>"; };
		39615AE62BBB6ADE00BA70FD /* AI_Animal_PictionaryUITestsLaunchTests.swift */ = {isa = PBXFileReference; lastKnownFileType = sourcecode.swift; path = AI_Animal_PictionaryUITestsLaunchTests.swift; sourceTree = "<group>"; };
		A5BEED472BE2E32600A99E16 /* MLCompute.framework */ = {isa = PBXFileReference; lastKnownFileType = wrapper.framework; name = MLCompute.framework; path = System/Library/Frameworks/MLCompute.framework; sourceTree = SDKROOT; };
		A5BEED482BE2E32600A99E16 /* CoreML.framework */ = {isa = PBXFileReference; lastKnownFileType = wrapper.framework; name = CoreML.framework; path = System/Library/Frameworks/CoreML.framework; sourceTree = SDKROOT; };
		A5BEED4C2BE2E81800A99E16 /* AIAnimalPictionary(FDCT).mlpackage */ = {isa = PBXFileReference; lastKnownFileType = folder.mlpackage; name = "AIAnimalPictionary(FDCT).mlpackage"; path = "../AIAnimalPictionary(FDCT).mlpackage"; sourceTree = "<group>"; };
		A5BEED4E2BE2EEA100A99E16 /* AI-Animal-Pictionary-Info.plist */ = {isa = PBXFileReference; lastKnownFileType = text.plist; path = "AI-Animal-Pictionary-Info.plist"; sourceTree = SOURCE_ROOT; };
/* End PBXFileReference section */

/* Begin PBXFrameworksBuildPhase section */
		39615AC32BBB6AD800BA70FD /* Frameworks */ = {
			isa = PBXFrameworksBuildPhase;
			buildActionMask = 2147483647;
			files = (
				A5BEED492BE2E32600A99E16 /* MLCompute.framework in Frameworks */,
				A5BEED4A2BE2E32600A99E16 /* CoreML.framework in Frameworks */,
			);
			runOnlyForDeploymentPostprocessing = 0;
		};
		39615AD32BBB6ADE00BA70FD /* Frameworks */ = {
			isa = PBXFrameworksBuildPhase;
			buildActionMask = 2147483647;
			files = (
			);
			runOnlyForDeploymentPostprocessing = 0;
		};
		39615ADD2BBB6ADE00BA70FD /* Frameworks */ = {
			isa = PBXFrameworksBuildPhase;
			buildActionMask = 2147483647;
			files = (
			);
			runOnlyForDeploymentPostprocessing = 0;
		};
/* End PBXFrameworksBuildPhase section */

/* Begin PBXGroup section */
		39615ABD2BBB6AD700BA70FD = {
			isa = PBXGroup;
			children = (
				39615AC82BBB6AD800BA70FD /* AI Animal Pictionary */,
				39615AD92BBB6ADE00BA70FD /* AI Animal PictionaryTests */,
				39615AE32BBB6ADE00BA70FD /* AI Animal PictionaryUITests */,
				39615AC72BBB6AD800BA70FD /* Products */,
				A5BEED462BE2E32600A99E16 /* Frameworks */,
			);
			sourceTree = "<group>";
		};
		39615AC72BBB6AD800BA70FD /* Products */ = {
			isa = PBXGroup;
			children = (
				39615AC62BBB6AD800BA70FD /* AI Animal Pictionary.app */,
				39615AD62BBB6ADE00BA70FD /* AI Animal PictionaryTests.xctest */,
				39615AE02BBB6ADE00BA70FD /* AI Animal PictionaryUITests.xctest */,
			);
			name = Products;
			sourceTree = "<group>";
		};
		39615AC82BBB6AD800BA70FD /* AI Animal Pictionary */ = {
			isa = PBXGroup;
			children = (
				A5BEED4E2BE2EEA100A99E16 /* AI-Animal-Pictionary-Info.plist */,
				39615ACF2BBB6ADD00BA70FD /* Preview Content */,
				39615ACD2BBB6ADD00BA70FD /* Assets.xcassets */,
				A5BEED4C2BE2E81800A99E16 /* AIAnimalPictionary(FDCT).mlpackage */,
				39615AC92BBB6AD800BA70FD /* AI_Animal_PictionaryApp.swift */,
				390BF2202BCDD945000587B5 /* LandingView.swift */,
				390BF2282BCDD9AC000587B5 /* PlayView.swift */,
				390BF2242BCDD984000587B5 /* InstructionsView.swift */,
			);
			path = "AI Animal Pictionary";
			sourceTree = "<group>";
		};
		39615ACF2BBB6ADD00BA70FD /* Preview Content */ = {
			isa = PBXGroup;
			children = (
				39615AD02BBB6ADD00BA70FD /* Preview Assets.xcassets */,
			);
			path = "Preview Content";
			sourceTree = "<group>";
		};
		39615AD92BBB6ADE00BA70FD /* AI Animal PictionaryTests */ = {
			isa = PBXGroup;
			children = (
				39615ADA2BBB6ADE00BA70FD /* AI_Animal_PictionaryTests.swift */,
			);
			path = "AI Animal PictionaryTests";
			sourceTree = "<group>";
		};
		39615AE32BBB6ADE00BA70FD /* AI Animal PictionaryUITests */ = {
			isa = PBXGroup;
			children = (
				39615AE42BBB6ADE00BA70FD /* AI_Animal_PictionaryUITests.swift */,
				39615AE62BBB6ADE00BA70FD /* AI_Animal_PictionaryUITestsLaunchTests.swift */,
			);
			path = "AI Animal PictionaryUITests";
			sourceTree = "<group>";
		};
		A5BEED462BE2E32600A99E16 /* Frameworks */ = {
			isa = PBXGroup;
			children = (
				A5BEED482BE2E32600A99E16 /* CoreML.framework */,
				A5BEED472BE2E32600A99E16 /* MLCompute.framework */,
			);
			name = Frameworks;
			sourceTree = "<group>";
		};
/* End PBXGroup section */

/* Begin PBXNativeTarget section */
		39615AC52BBB6AD800BA70FD /* AI Animal Pictionary */ = {
			isa = PBXNativeTarget;
			buildConfigurationList = 39615AEA2BBB6ADE00BA70FD /* Build configuration list for PBXNativeTarget "AI Animal Pictionary" */;
			buildPhases = (
				39615AC22BBB6AD800BA70FD /* Sources */,
				39615AC32BBB6AD800BA70FD /* Frameworks */,
				39615AC42BBB6AD800BA70FD /* Resources */,
			);
			buildRules = (
			);
			dependencies = (
			);
			name = "AI Animal Pictionary";
			productName = "AI Animal Pictionary";
			productReference = 39615AC62BBB6AD800BA70FD /* AI Animal Pictionary.app */;
			productType = "com.apple.product-type.application";
		};
		39615AD52BBB6ADE00BA70FD /* AI Animal PictionaryTests */ = {
			isa = PBXNativeTarget;
			buildConfigurationList = 39615AED2BBB6ADE00BA70FD /* Build configuration list for PBXNativeTarget "AI Animal PictionaryTests" */;
			buildPhases = (
				39615AD22BBB6ADE00BA70FD /* Sources */,
				39615AD32BBB6ADE00BA70FD /* Frameworks */,
				39615AD42BBB6ADE00BA70FD /* Resources */,
			);
			buildRules = (
			);
			dependencies = (
				39615AD82BBB6ADE00BA70FD /* PBXTargetDependency */,
			);
			name = "AI Animal PictionaryTests";
			productName = "AI Animal PictionaryTests";
			productReference = 39615AD62BBB6ADE00BA70FD /* AI Animal PictionaryTests.xctest */;
			productType = "com.apple.product-type.bundle.unit-test";
		};
		39615ADF2BBB6ADE00BA70FD /* AI Animal PictionaryUITests */ = {
			isa = PBXNativeTarget;
			buildConfigurationList = 39615AF02BBB6ADE00BA70FD /* Build configuration list for PBXNativeTarget "AI Animal PictionaryUITests" */;
			buildPhases = (
				39615ADC2BBB6ADE00BA70FD /* Sources */,
				39615ADD2BBB6ADE00BA70FD /* Frameworks */,
				39615ADE2BBB6ADE00BA70FD /* Resources */,
			);
			buildRules = (
			);
			dependencies = (
				39615AE22BBB6ADE00BA70FD /* PBXTargetDependency */,
			);
			name = "AI Animal PictionaryUITests";
			productName = "AI Animal PictionaryUITests";
			productReference = 39615AE02BBB6ADE00BA70FD /* AI Animal PictionaryUITests.xctest */;
			productType = "com.apple.product-type.bundle.ui-testing";
		};
/* End PBXNativeTarget section */

/* Begin PBXProject section */
		39615ABE2BBB6AD700BA70FD /* Project object */ = {
			isa = PBXProject;
			attributes = {
				BuildIndependentTargetsInParallel = 1;
				LastSwiftUpdateCheck = 1520;
				LastUpgradeCheck = 1520;
				TargetAttributes = {
					39615AC52BBB6AD800BA70FD = {
						CreatedOnToolsVersion = 15.2;
					};
					39615AD52BBB6ADE00BA70FD = {
						CreatedOnToolsVersion = 15.2;
						TestTargetID = 39615AC52BBB6AD800BA70FD;
					};
					39615ADF2BBB6ADE00BA70FD = {
						CreatedOnToolsVersion = 15.2;
						TestTargetID = 39615AC52BBB6AD800BA70FD;
					};
				};
			};
			buildConfigurationList = 39615AC12BBB6AD700BA70FD /* Build configuration list for PBXProject "AI Animal Pictionary" */;
			compatibilityVersion = "Xcode 14.0";
			developmentRegion = en;
			hasScannedForEncodings = 0;
			knownRegions = (
				en,
				Base,
			);
			mainGroup = 39615ABD2BBB6AD700BA70FD;
			productRefGroup = 39615AC72BBB6AD800BA70FD /* Products */;
			projectDirPath = "";
			projectRoot = "";
			targets = (
				39615AC52BBB6AD800BA70FD /* AI Animal Pictionary */,
				39615AD52BBB6ADE00BA70FD /* AI Animal PictionaryTests */,
				39615ADF2BBB6ADE00BA70FD /* AI Animal PictionaryUITests */,
			);
		};
/* End PBXProject section */

/* Begin PBXResourcesBuildPhase section */
		39615AC42BBB6AD800BA70FD /* Resources */ = {
			isa = PBXResourcesBuildPhase;
			buildActionMask = 2147483647;
			files = (
				39615AD12BBB6ADD00BA70FD /* Preview Assets.xcassets in Resources */,
				39615ACE2BBB6ADD00BA70FD /* Assets.xcassets in Resources */,
			);
			runOnlyForDeploymentPostprocessing = 0;
		};
		39615AD42BBB6ADE00BA70FD /* Resources */ = {
			isa = PBXResourcesBuildPhase;
			buildActionMask = 2147483647;
			files = (
			);
			runOnlyForDeploymentPostprocessing = 0;
		};
		39615ADE2BBB6ADE00BA70FD /* Resources */ = {
			isa = PBXResourcesBuildPhase;
			buildActionMask = 2147483647;
			files = (
			);
			runOnlyForDeploymentPostprocessing = 0;
		};
/* End PBXResourcesBuildPhase section */

/* Begin PBXSourcesBuildPhase section */
		39615AC22BBB6AD800BA70FD /* Sources */ = {
			isa = PBXSourcesBuildPhase;
			buildActionMask = 2147483647;
			files = (
				390BF2292BCDD9AC000587B5 /* PlayView.swift in Sources */,
				390BF2212BCDD945000587B5 /* LandingView.swift in Sources */,
				390BF2252BCDD984000587B5 /* InstructionsView.swift in Sources */,
				39615ACA2BBB6AD800BA70FD /* AI_Animal_PictionaryApp.swift in Sources */,
				A5BEED4D2BE2E81800A99E16 /* AIAnimalPictionary(FDCT).mlpackage in Sources */,
			);
			runOnlyForDeploymentPostprocessing = 0;
		};
		39615AD22BBB6ADE00BA70FD /* Sources */ = {
			isa = PBXSourcesBuildPhase;
			buildActionMask = 2147483647;
			files = (
				390BF2222BCDD945000587B5 /* LandingView.swift in Sources */,
				390BF2262BCDD984000587B5 /* InstructionsView.swift in Sources */,
				390BF22A2BCDD9AC000587B5 /* PlayView.swift in Sources */,
				39615ADB2BBB6ADE00BA70FD /* AI_Animal_PictionaryTests.swift in Sources */,
			);
			runOnlyForDeploymentPostprocessing = 0;
		};
		39615ADC2BBB6ADE00BA70FD /* Sources */ = {
			isa = PBXSourcesBuildPhase;
			buildActionMask = 2147483647;
			files = (
				390BF22B2BCDD9AC000587B5 /* PlayView.swift in Sources */,
				390BF2232BCDD945000587B5 /* LandingView.swift in Sources */,
				390BF2272BCDD984000587B5 /* InstructionsView.swift in Sources */,
				39615AE72BBB6ADE00BA70FD /* AI_Animal_PictionaryUITestsLaunchTests.swift in Sources */,
				39615AE52BBB6ADE00BA70FD /* AI_Animal_PictionaryUITests.swift in Sources */,
			);
			runOnlyForDeploymentPostprocessing = 0;
		};
/* End PBXSourcesBuildPhase section */

/* Begin PBXTargetDependency section */
		39615AD82BBB6ADE00BA70FD /* PBXTargetDependency */ = {
			isa = PBXTargetDependency;
			target = 39615AC52BBB6AD800BA70FD /* AI Animal Pictionary */;
			targetProxy = 39615AD72BBB6ADE00BA70FD /* PBXContainerItemProxy */;
		};
		39615AE22BBB6ADE00BA70FD /* PBXTargetDependency */ = {
			isa = PBXTargetDependency;
			target = 39615AC52BBB6AD800BA70FD /* AI Animal Pictionary */;
			targetProxy = 39615AE12BBB6ADE00BA70FD /* PBXContainerItemProxy */;
		};
/* End PBXTargetDependency section */

/* Begin XCBuildConfiguration section */
		39615AE82BBB6ADE00BA70FD /* Debug */ = {
			isa = XCBuildConfiguration;
			buildSettings = {
				ALWAYS_SEARCH_USER_PATHS = NO;
				ASSETCATALOG_COMPILER_GENERATE_SWIFT_ASSET_SYMBOL_EXTENSIONS = YES;
				CLANG_ANALYZER_NONNULL = YES;
				CLANG_ANALYZER_NUMBER_OBJECT_CONVERSION = YES_AGGRESSIVE;
				CLANG_CXX_LANGUAGE_STANDARD = "gnu++20";
				CLANG_ENABLE_MODULES = YES;
				CLANG_ENABLE_OBJC_ARC = YES;
				CLANG_ENABLE_OBJC_WEAK = YES;
				CLANG_WARN_BLOCK_CAPTURE_AUTORELEASING = YES;
				CLANG_WARN_BOOL_CONVERSION = YES;
				CLANG_WARN_COMMA = YES;
				CLANG_WARN_CONSTANT_CONVERSION = YES;
				CLANG_WARN_DEPRECATED_OBJC_IMPLEMENTATIONS = YES;
				CLANG_WARN_DIRECT_OBJC_ISA_USAGE = YES_ERROR;
				CLANG_WARN_DOCUMENTATION_COMMENTS = YES;
				CLANG_WARN_EMPTY_BODY = YES;
				CLANG_WARN_ENUM_CONVERSION = YES;
				CLANG_WARN_INFINITE_RECURSION = YES;
				CLANG_WARN_INT_CONVERSION = YES;
				CLANG_WARN_NON_LITERAL_NULL_CONVERSION = YES;
				CLANG_WARN_OBJC_IMPLICIT_RETAIN_SELF = YES;
				CLANG_WARN_OBJC_LITERAL_CONVERSION = YES;
				CLANG_WARN_OBJC_ROOT_CLASS = YES_ERROR;
				CLANG_WARN_QUOTED_INCLUDE_IN_FRAMEWORK_HEADER = YES;
				CLANG_WARN_RANGE_LOOP_ANALYSIS = YES;
				CLANG_WARN_STRICT_PROTOTYPES = YES;
				CLANG_WARN_SUSPICIOUS_MOVE = YES;
				CLANG_WARN_UNGUARDED_AVAILABILITY = YES_AGGRESSIVE;
				CLANG_WARN_UNREACHABLE_CODE = YES;
				CLANG_WARN__DUPLICATE_METHOD_MATCH = YES;
				COPY_PHASE_STRIP = NO;
				DEBUG_INFORMATION_FORMAT = dwarf;
				ENABLE_STRICT_OBJC_MSGSEND = YES;
				ENABLE_TESTABILITY = YES;
				ENABLE_USER_SCRIPT_SANDBOXING = YES;
				GCC_C_LANGUAGE_STANDARD = gnu17;
				GCC_DYNAMIC_NO_PIC = NO;
				GCC_NO_COMMON_BLOCKS = YES;
				GCC_OPTIMIZATION_LEVEL = 0;
				GCC_PREPROCESSOR_DEFINITIONS = (
					"DEBUG=1",
					"$(inherited)",
				);
				GCC_WARN_64_TO_32_BIT_CONVERSION = YES;
				GCC_WARN_ABOUT_RETURN_TYPE = YES_ERROR;
				GCC_WARN_UNDECLARED_SELECTOR = YES;
				GCC_WARN_UNINITIALIZED_AUTOS = YES_AGGRESSIVE;
				GCC_WARN_UNUSED_FUNCTION = YES;
				GCC_WARN_UNUSED_VARIABLE = YES;
				IPHONEOS_DEPLOYMENT_TARGET = 17.2;
				LOCALIZATION_PREFERS_STRING_CATALOGS = YES;
				MTL_ENABLE_DEBUG_INFO = INCLUDE_SOURCE;
				MTL_FAST_MATH = YES;
				ONLY_ACTIVE_ARCH = YES;
				SDKROOT = iphoneos;
				SWIFT_ACTIVE_COMPILATION_CONDITIONS = "DEBUG $(inherited)";
				SWIFT_OPTIMIZATION_LEVEL = "-Onone";
			};
			name = Debug;
		};
		39615AE92BBB6ADE00BA70FD /* Release */ = {
			isa = XCBuildConfiguration;
			buildSettings = {
				ALWAYS_SEARCH_USER_PATHS = NO;
				ASSETCATALOG_COMPILER_GENERATE_SWIFT_ASSET_SYMBOL_EXTENSIONS = YES;
				CLANG_ANALYZER_NONNULL = YES;
				CLANG_ANALYZER_NUMBER_OBJECT_CONVERSION = YES_AGGRESSIVE;
				CLANG_CXX_LANGUAGE_STANDARD = "gnu++20";
				CLANG_ENABLE_MODULES = YES;
				CLANG_ENABLE_OBJC_ARC = YES;
				CLANG_ENABLE_OBJC_WEAK = YES;
				CLANG_WARN_BLOCK_CAPTURE_AUTORELEASING = YES;
				CLANG_WARN_BOOL_CONVERSION = YES;
				CLANG_WARN_COMMA = YES;
				CLANG_WARN_CONSTANT_CONVERSION = YES;
				CLANG_WARN_DEPRECATED_OBJC_IMPLEMENTATIONS = YES;
				CLANG_WARN_DIRECT_OBJC_ISA_USAGE = YES_ERROR;
				CLANG_WARN_DOCUMENTATION_COMMENTS = YES;
				CLANG_WARN_EMPTY_BODY = YES;
				CLANG_WARN_ENUM_CONVERSION = YES;
				CLANG_WARN_INFINITE_RECURSION = YES;
				CLANG_WARN_INT_CONVERSION = YES;
				CLANG_WARN_NON_LITERAL_NULL_CONVERSION = YES;
				CLANG_WARN_OBJC_IMPLICIT_RETAIN_SELF = YES;
				CLANG_WARN_OBJC_LITERAL_CONVERSION = YES;
				CLANG_WARN_OBJC_ROOT_CLASS = YES_ERROR;
				CLANG_WARN_QUOTED_INCLUDE_IN_FRAMEWORK_HEADER = YES;
				CLANG_WARN_RANGE_LOOP_ANALYSIS = YES;
				CLANG_WARN_STRICT_PROTOTYPES = YES;
				CLANG_WARN_SUSPICIOUS_MOVE = YES;
				CLANG_WARN_UNGUARDED_AVAILABILITY = YES_AGGRESSIVE;
				CLANG_WARN_UNREACHABLE_CODE = YES;
				CLANG_WARN__DUPLICATE_METHOD_MATCH = YES;
				COPY_PHASE_STRIP = NO;
				DEBUG_INFORMATION_FORMAT = "dwarf-with-dsym";
				ENABLE_NS_ASSERTIONS = NO;
				ENABLE_STRICT_OBJC_MSGSEND = YES;
				ENABLE_USER_SCRIPT_SANDBOXING = YES;
				GCC_C_LANGUAGE_STANDARD = gnu17;
				GCC_NO_COMMON_BLOCKS = YES;
				GCC_WARN_64_TO_32_BIT_CONVERSION = YES;
				GCC_WARN_ABOUT_RETURN_TYPE = YES_ERROR;
				GCC_WARN_UNDECLARED_SELECTOR = YES;
				GCC_WARN_UNINITIALIZED_AUTOS = YES_AGGRESSIVE;
				GCC_WARN_UNUSED_FUNCTION = YES;
				GCC_WARN_UNUSED_VARIABLE = YES;
				IPHONEOS_DEPLOYMENT_TARGET = 17.2;
				LOCALIZATION_PREFERS_STRING_CATALOGS = YES;
				MTL_ENABLE_DEBUG_INFO = NO;
				MTL_FAST_MATH = YES;
				SDKROOT = iphoneos;
				SWIFT_COMPILATION_MODE = wholemodule;
				VALIDATE_PRODUCT = YES;
			};
			name = Release;
		};
		39615AEB2BBB6ADE00BA70FD /* Debug */ = {
			isa = XCBuildConfiguration;
			buildSettings = {
				ASSETCATALOG_COMPILER_APPICON_NAME = AppIcon;
				ASSETCATALOG_COMPILER_GLOBAL_ACCENT_COLOR_NAME = AccentColor;
				ASSETCATALOG_COMPILER_INCLUDE_ALL_APPICON_ASSETS = NO;
				CODE_SIGN_STYLE = Automatic;
				CURRENT_PROJECT_VERSION = 1;
				DEVELOPMENT_ASSET_PATHS = "\"AI Animal Pictionary/Preview Content\"";
				DEVELOPMENT_TEAM = KJCY8LYF36;
				ENABLE_PREVIEWS = YES;
				GENERATE_INFOPLIST_FILE = YES;
				INFOPLIST_FILE = "AI-Animal-Pictionary-Info.plist";
				INFOPLIST_KEY_LSApplicationCategoryType = "public.app-category.games";
				INFOPLIST_KEY_LSSupportsOpeningDocumentsInPlace = YES;
				INFOPLIST_KEY_NSDocumentsFolderUsageDescription = "Save screenshots here";
				INFOPLIST_KEY_UIApplicationSceneManifest_Generation = YES;
				INFOPLIST_KEY_UIApplicationSupportsIndirectInputEvents = YES;
				INFOPLIST_KEY_UILaunchScreen_Generation = YES;
				INFOPLIST_KEY_UIStatusBarStyle = "";
				INFOPLIST_KEY_UISupportedInterfaceOrientations_iPad = "UIInterfaceOrientationPortrait UIInterfaceOrientationPortraitUpsideDown UIInterfaceOrientationLandscapeLeft UIInterfaceOrientationLandscapeRight";
				INFOPLIST_KEY_UISupportedInterfaceOrientations_iPhone = "UIInterfaceOrientationPortrait UIInterfaceOrientationLandscapeLeft UIInterfaceOrientationLandscapeRight";
				IPHONEOS_DEPLOYMENT_TARGET = 17.0;
				LD_RUNPATH_SEARCH_PATHS = (
					"$(inherited)",
					"@executable_path/Frameworks",
				);
				MARKETING_VERSION = 1.0;
				PRODUCT_BUNDLE_IDENTIFIER = "com.crescentwrench.JamesDudgeon.AI-Animal-Pictionary";
				PRODUCT_NAME = "$(TARGET_NAME)";
				SWIFT_EMIT_LOC_STRINGS = YES;
				SWIFT_VERSION = 5.0;
				TARGETED_DEVICE_FAMILY = "1,2";
			};
			name = Debug;
		};
		39615AEC2BBB6ADE00BA70FD /* Release */ = {
			isa = XCBuildConfiguration;
			buildSettings = {
				ASSETCATALOG_COMPILER_APPICON_NAME = AppIcon;
				ASSETCATALOG_COMPILER_GLOBAL_ACCENT_COLOR_NAME = AccentColor;
				ASSETCATALOG_COMPILER_INCLUDE_ALL_APPICON_ASSETS = NO;
				CODE_SIGN_STYLE = Automatic;
				CURRENT_PROJECT_VERSION = 1;
				DEVELOPMENT_ASSET_PATHS = "\"AI Animal Pictionary/Preview Content\"";
				DEVELOPMENT_TEAM = KJCY8LYF36;
				ENABLE_PREVIEWS = YES;
				GENERATE_INFOPLIST_FILE = YES;
				INFOPLIST_FILE = "AI-Animal-Pictionary-Info.plist";
				INFOPLIST_KEY_LSApplicationCategoryType = "public.app-category.games";
				INFOPLIST_KEY_LSSupportsOpeningDocumentsInPlace = YES;
				INFOPLIST_KEY_NSDocumentsFolderUsageDescription = "Save screenshots here";
				INFOPLIST_KEY_UIApplicationSceneManifest_Generation = YES;
				INFOPLIST_KEY_UIApplicationSupportsIndirectInputEvents = YES;
				INFOPLIST_KEY_UILaunchScreen_Generation = YES;
				INFOPLIST_KEY_UIStatusBarStyle = "";
				INFOPLIST_KEY_UISupportedInterfaceOrientations_iPad = "UIInterfaceOrientationPortrait UIInterfaceOrientationPortraitUpsideDown UIInterfaceOrientationLandscapeLeft UIInterfaceOrientationLandscapeRight";
				INFOPLIST_KEY_UISupportedInterfaceOrientations_iPhone = "UIInterfaceOrientationPortrait UIInterfaceOrientationLandscapeLeft UIInterfaceOrientationLandscapeRight";
				IPHONEOS_DEPLOYMENT_TARGET = 17.0;
				LD_RUNPATH_SEARCH_PATHS = (
					"$(inherited)",
					"@executable_path/Frameworks",
				);
				MARKETING_VERSION = 1.0;
				PRODUCT_BUNDLE_IDENTIFIER = "com.crescentwrench.JamesDudgeon.AI-Animal-Pictionary";
				PRODUCT_NAME = "$(TARGET_NAME)";
				SWIFT_EMIT_LOC_STRINGS = YES;
				SWIFT_VERSION = 5.0;
				TARGETED_DEVICE_FAMILY = "1,2";
			};
			name = Release;
		};
		39615AEE2BBB6ADE00BA70FD /* Debug */ = {
			isa = XCBuildConfiguration;
			buildSettings = {
				ALWAYS_EMBED_SWIFT_STANDARD_LIBRARIES = YES;
				BUNDLE_LOADER = "$(TEST_HOST)";
				CODE_SIGN_STYLE = Automatic;
				CURRENT_PROJECT_VERSION = 1;
				GENERATE_INFOPLIST_FILE = YES;
				IPHONEOS_DEPLOYMENT_TARGET = 17.2;
				MARKETING_VERSION = 1.0;
				PRODUCT_BUNDLE_IDENTIFIER = "James-Dudgeon.AI-Animal-PictionaryTests";
				PRODUCT_NAME = "$(TARGET_NAME)";
				SWIFT_EMIT_LOC_STRINGS = NO;
				SWIFT_VERSION = 5.0;
				TARGETED_DEVICE_FAMILY = "1,2";
				TEST_HOST = "$(BUILT_PRODUCTS_DIR)/AI Animal Pictionary.app/$(BUNDLE_EXECUTABLE_FOLDER_PATH)/AI Animal Pictionary";
			};
			name = Debug;
		};
		39615AEF2BBB6ADE00BA70FD /* Release */ = {
			isa = XCBuildConfiguration;
			buildSettings = {
				ALWAYS_EMBED_SWIFT_STANDARD_LIBRARIES = YES;
				BUNDLE_LOADER = "$(TEST_HOST)";
				CODE_SIGN_STYLE = Automatic;
				CURRENT_PROJECT_VERSION = 1;
				GENERATE_INFOPLIST_FILE = YES;
				IPHONEOS_DEPLOYMENT_TARGET = 17.2;
				MARKETING_VERSION = 1.0;
				PRODUCT_BUNDLE_IDENTIFIER = "James-Dudgeon.AI-Animal-PictionaryTests";
				PRODUCT_NAME = "$(TARGET_NAME)";
				SWIFT_EMIT_LOC_STRINGS = NO;
				SWIFT_VERSION = 5.0;
				TARGETED_DEVICE_FAMILY = "1,2";
				TEST_HOST = "$(BUILT_PRODUCTS_DIR)/AI Animal Pictionary.app/$(BUNDLE_EXECUTABLE_FOLDER_PATH)/AI Animal Pictionary";
			};
			name = Release;
		};
		39615AF12BBB6ADE00BA70FD /* Debug */ = {
			isa = XCBuildConfiguration;
			buildSettings = {
				ALWAYS_EMBED_SWIFT_STANDARD_LIBRARIES = YES;
				CODE_SIGN_STYLE = Automatic;
				CURRENT_PROJECT_VERSION = 1;
				GENERATE_INFOPLIST_FILE = YES;
				MARKETING_VERSION = 1.0;
				PRODUCT_BUNDLE_IDENTIFIER = "James-Dudgeon.AI-Animal-PictionaryUITests";
				PRODUCT_NAME = "$(TARGET_NAME)";
				SWIFT_EMIT_LOC_STRINGS = NO;
				SWIFT_VERSION = 5.0;
				TARGETED_DEVICE_FAMILY = "1,2";
				TEST_TARGET_NAME = "AI Animal Pictionary";
			};
			name = Debug;
		};
		39615AF22BBB6ADE00BA70FD /* Release */ = {
			isa = XCBuildConfiguration;
			buildSettings = {
				ALWAYS_EMBED_SWIFT_STANDARD_LIBRARIES = YES;
				CODE_SIGN_STYLE = Automatic;
				CURRENT_PROJECT_VERSION = 1;
				GENERATE_INFOPLIST_FILE = YES;
				MARKETING_VERSION = 1.0;
				PRODUCT_BUNDLE_IDENTIFIER = "James-Dudgeon.AI-Animal-PictionaryUITests";
				PRODUCT_NAME = "$(TARGET_NAME)";
				SWIFT_EMIT_LOC_STRINGS = NO;
				SWIFT_VERSION = 5.0;
				TARGETED_DEVICE_FAMILY = "1,2";
				TEST_TARGET_NAME = "AI Animal Pictionary";
			};
			name = Release;
		};
/* End XCBuildConfiguration section */

/* Begin XCConfigurationList section */
		39615AC12BBB6AD700BA70FD /* Build configuration list for PBXProject "AI Animal Pictionary" */ = {
			isa = XCConfigurationList;
			buildConfigurations = (
				39615AE82BBB6ADE00BA70FD /* Debug */,
				39615AE92BBB6ADE00BA70FD /* Release */,
			);
			defaultConfigurationIsVisible = 0;
			defaultConfigurationName = Release;
		};
		39615AEA2BBB6ADE00BA70FD /* Build configuration list for PBXNativeTarget "AI Animal Pictionary" */ = {
			isa = XCConfigurationList;
			buildConfigurations = (
				39615AEB2BBB6ADE00BA70FD /* Debug */,
				39615AEC2BBB6ADE00BA70FD /* Release */,
			);
			defaultConfigurationIsVisible = 0;
			defaultConfigurationName = Release;
		};
		39615AED2BBB6ADE00BA70FD /* Build configuration list for PBXNativeTarget "AI Animal PictionaryTests" */ = {
			isa = XCConfigurationList;
			buildConfigurations = (
				39615AEE2BBB6ADE00BA70FD /* Debug */,
				39615AEF2BBB6ADE00BA70FD /* Release */,
			);
			defaultConfigurationIsVisible = 0;
			defaultConfigurationName = Release;
		};
		39615AF02BBB6ADE00BA70FD /* Build configuration list for PBXNativeTarget "AI Animal PictionaryUITests" */ = {
			isa = XCConfigurationList;
			buildConfigurations = (
				39615AF12BBB6ADE00BA70FD /* Debug */,
				39615AF22BBB6ADE00BA70FD /* Release */,
			);
			defaultConfigurationIsVisible = 0;
			defaultConfigurationName = Release;
		};
/* End XCConfigurationList section */
	};
	rootObject = 39615ABE2BBB6AD700BA70FD /* Project object */;
}
